
Microsoft Visual Studio Solution File, Format Version 12.00
# Visual Studio 14
VisualStudioVersion = 14.0.25420.1
MinimumVisualStudioVersion = 10.0.40219.1
Project("{FAE04EC0-301F-11D3-BF4B-00C04F79EFBC}") = "task2_Prytuliak", "task2_Prytuliak\task2_Prytuliak.csproj", "{2290445A-49F1-4412-831C-4F989975EDCD}"
EndProject
Global
	GlobalSection(SolutionConfigurationPlatforms) = preSolution
		Debug|Any CPU = Debug|Any CPU
		Release|Any CPU = Release|Any CPU
	EndGlobalSection
	GlobalSection(ProjectConfigurationPlatforms) = postSolution
		{2290445A-49F1-4412-831C-4F989975EDCD}.Debug|Any CPU.ActiveCfg = Debug|Any CPU
		{2290445A-49F1-4412-831C-4F989975EDCD}.Debug|Any CPU.Build.0 = Debug|Any CPU
		{2290445A-49F1-4412-831C-4F989975EDCD}.Release|Any CPU.ActiveCfg = Release|Any CPU
		{2290445A-49F1-4412-831C-4F989975EDCD}.Release|Any CPU.Build.0 = Release|Any CPU
	EndGlobalSection
	GlobalSection(SolutionProperties) = preSolution
		HideSolutionNode = FALSE
	EndGlobalSection
EndGlobal
